
Microsoft Visual Studio Solution File, Format Version 11.00
# Visual Studio 2010
Project("{FAE04EC0-301F-11D3-BF4B-00C04F79EFBC}") = "EmployeeService", "EmployeeService\EmployeeService.csproj", "{23E16141-4C09-4BA8-9CA9-AC70B359125A}"
EndProject
Project("{FAE04EC0-301F-11D3-BF4B-00C04F79EFBC}") = "EmployeeServiceIISHost", "EmployeeServiceIISHost\EmployeeServiceIISHost.csproj", "{D2D60DA8-6B95-4E82-B6ED-1CC3A4D9B634}"
EndProject
Global
	GlobalSection(SolutionConfigurationPlatforms) = preSolution
		Debug|Any CPU = Debug|Any CPU
		Release|Any CPU = Release|Any CPU
	EndGlobalSection
	GlobalSection(ProjectConfigurationPlatforms) = postSolution
		{23E16141-4C09-4BA8-9CA9-AC70B359125A}.Debug|Any CPU.ActiveCfg = Debug|Any CPU
		{23E16141-4C09-4BA8-9CA9-AC70B359125A}.Debug|Any CPU.Build.0 = Debug|Any CPU
		{23E16141-4C09-4BA8-9CA9-AC70B359125A}.Release|Any CPU.ActiveCfg = Release|Any CPU
		{23E16141-4C09-4BA8-9CA9-AC70B359125A}.Release|Any CPU.Build.0 = Release|Any CPU
		{D2D60DA8-6B95-4E82-B6ED-1CC3A4D9B634}.Debug|Any CPU.ActiveCfg = Debug|Any CPU
		{D2D60DA8-6B95-4E82-B6ED-1CC3A4D9B634}.Debug|Any CPU.Build.0 = Debug|Any CPU
		{D2D60DA8-6B95-4E82-B6ED-1CC3A4D9B634}.Release|Any CPU.ActiveCfg = Release|Any CPU
		{D2D60DA8-6B95-4E82-B6ED-1CC3A4D9B634}.Release|Any CPU.Build.0 = Release|Any CPU
	EndGlobalSection
	GlobalSection(SolutionProperties) = preSolution
		HideSolutionNode = FALSE
	EndGlobalSection
EndGlobal
